
Microsoft Visual Studio Solution File, Format Version 12.00
# Visual Studio Version 16
VisualStudioVersion = 16.0.30717.126
MinimumVisualStudioVersion = 10.0.40219.1
Project("{FAE04EC0-301F-11D3-BF4B-00C04F79EFBC}") = "Entities", "Entities\Entities.csproj", "{CC994E1D-3025-4CE7-8D66-910ECFE08300}"
EndProject
Project("{FAE04EC0-301F-11D3-BF4B-00C04F79EFBC}") = "DataAcces", "DataAcces\DataAcces.csproj", "{EB686E84-7751-46B6-ACAC-FCE87961E428}"
EndProject
Project("{FAE04EC0-301F-11D3-BF4B-00C04F79EFBC}") = "Business", "Business\Business.csproj", "{0AB45CA4-A3BD-4610-B12D-D666AD804FC5}"
EndProject
Project("{FAE04EC0-301F-11D3-BF4B-00C04F79EFBC}") = "ConsoleUI", "ConsoleUI\ConsoleUI.csproj", "{08419D83-6AAF-488B-85DD-896825727098}"
EndProject
Global
	GlobalSection(SolutionConfigurationPlatforms) = preSolution
		Debug|Any CPU = Debug|Any CPU
		Release|Any CPU = Release|Any CPU
	EndGlobalSection
	GlobalSection(ProjectConfigurationPlatforms) = postSolution
		{CC994E1D-3025-4CE7-8D66-910ECFE08300}.Debug|Any CPU.ActiveCfg = Debug|Any CPU
		{CC994E1D-3025-4CE7-8D66-910ECFE08300}.Debug|Any CPU.Build.0 = Debug|Any CPU
		{CC994E1D-3025-4CE7-8D66-910ECFE08300}.Release|Any CPU.ActiveCfg = Release|Any CPU
		{CC994E1D-3025-4CE7-8D66-910ECFE08300}.Release|Any CPU.Build.0 = Release|Any CPU
		{EB686E84-7751-46B6-ACAC-FCE87961E428}.Debug|Any CPU.ActiveCfg = Debug|Any CPU
		{EB686E84-7751-46B6-ACAC-FCE87961E428}.Debug|Any CPU.Build.0 = Debug|Any CPU
		{EB686E84-7751-46B6-ACAC-FCE87961E428}.Release|Any CPU.ActiveCfg = Release|Any CPU
		{EB686E84-7751-46B6-ACAC-FCE87961E428}.Release|Any CPU.Build.0 = Release|Any CPU
		{0AB45CA4-A3BD-4610-B12D-D666AD804FC5}.Debug|Any CPU.ActiveCfg = Debug|Any CPU
		{0AB45CA4-A3BD-4610-B12D-D666AD804FC5}.Debug|Any CPU.Build.0 = Debug|Any CPU
		{0AB45CA4-A3BD-4610-B12D-D666AD804FC5}.Release|Any CPU.ActiveCfg = Release|Any CPU
		{0AB45CA4-A3BD-4610-B12D-D666AD804FC5}.Release|Any CPU.Build.0 = Release|Any CPU
		{08419D83-6AAF-488B-85DD-896825727098}.Debug|Any CPU.ActiveCfg = Debug|Any CPU
		{08419D83-6AAF-488B-85DD-896825727098}.Debug|Any CPU.Build.0 = Debug|Any CPU
		{08419D83-6AAF-488B-85DD-896825727098}.Release|Any CPU.ActiveCfg = Release|Any CPU
		{08419D83-6AAF-488B-85DD-896825727098}.Release|Any CPU.Build.0 = Release|Any CPU
	EndGlobalSection
	GlobalSection(SolutionProperties) = preSolution
		HideSolutionNode = FALSE
	EndGlobalSection
	GlobalSection(ExtensibilityGlobals) = postSolution
		SolutionGuid = {FBB45909-49AA-490F-A707-F946AF98F2DB}
	EndGlobalSection
EndGlobal
